
Microsoft Visual Studio Solution File, Format Version 12.00
# Visual Studio 14
VisualStudioVersion = 14.0.25420.1
MinimumVisualStudioVersion = 10.0.40219.1
Project("{FAE04EC0-301F-11D3-BF4B-00C04F79EFBC}") = "RegistroPeliculas", "RegistroPeliculas\RegistroPeliculas.csproj", "{0CF800A6-3DB5-4E9D-95E7-99AB0C92A1CB}"
EndProject
Project("{FAE04EC0-301F-11D3-BF4B-00C04F79EFBC}") = "DAL", "DAL\DAL.csproj", "{03C3A8B4-CA79-4D3B-8202-491CF49B22C3}"
EndProject
Project("{FAE04EC0-301F-11D3-BF4B-00C04F79EFBC}") = "Entidades", "Entidades\Entidades.csproj", "{A6F655B4-6CC4-468E-A124-18F57D30FF8E}"
EndProject
Project("{FAE04EC0-301F-11D3-BF4B-00C04F79EFBC}") = "BLL", "BLL\BLL.csproj", "{187E62C7-3F9D-4B0E-B89F-D79CF162E8DF}"
EndProject
Global
	GlobalSection(SolutionConfigurationPlatforms) = preSolution
		Debug|Any CPU = Debug|Any CPU
		Release|Any CPU = Release|Any CPU
	EndGlobalSection
	GlobalSection(ProjectConfigurationPlatforms) = postSolution
		{0CF800A6-3DB5-4E9D-95E7-99AB0C92A1CB}.Debug|Any CPU.ActiveCfg = Debug|Any CPU
		{0CF800A6-3DB5-4E9D-95E7-99AB0C92A1CB}.Debug|Any CPU.Build.0 = Debug|Any CPU
		{0CF800A6-3DB5-4E9D-95E7-99AB0C92A1CB}.Release|Any CPU.ActiveCfg = Release|Any CPU
		{0CF800A6-3DB5-4E9D-95E7-99AB0C92A1CB}.Release|Any CPU.Build.0 = Release|Any CPU
		{03C3A8B4-CA79-4D3B-8202-491CF49B22C3}.Debug|Any CPU.ActiveCfg = Debug|Any CPU
		{03C3A8B4-CA79-4D3B-8202-491CF49B22C3}.Debug|Any CPU.Build.0 = Debug|Any CPU
		{03C3A8B4-CA79-4D3B-8202-491CF49B22C3}.Release|Any CPU.ActiveCfg = Release|Any CPU
		{03C3A8B4-CA79-4D3B-8202-491CF49B22C3}.Release|Any CPU.Build.0 = Release|Any CPU
		{A6F655B4-6CC4-468E-A124-18F57D30FF8E}.Debug|Any CPU.ActiveCfg = Debug|Any CPU
		{A6F655B4-6CC4-468E-A124-18F57D30FF8E}.Debug|Any CPU.Build.0 = Debug|Any CPU
		{A6F655B4-6CC4-468E-A124-18F57D30FF8E}.Release|Any CPU.ActiveCfg = Release|Any CPU
		{A6F655B4-6CC4-468E-A124-18F57D30FF8E}.Release|Any CPU.Build.0 = Release|Any CPU
		{187E62C7-3F9D-4B0E-B89F-D79CF162E8DF}.Debug|Any CPU.ActiveCfg = Debug|Any CPU
		{187E62C7-3F9D-4B0E-B89F-D79CF162E8DF}.Debug|Any CPU.Build.0 = Debug|Any CPU
		{187E62C7-3F9D-4B0E-B89F-D79CF162E8DF}.Release|Any CPU.ActiveCfg = Release|Any CPU
		{187E62C7-3F9D-4B0E-B89F-D79CF162E8DF}.Release|Any CPU.Build.0 = Release|Any CPU
	EndGlobalSection
	GlobalSection(SolutionProperties) = preSolution
		HideSolutionNode = FALSE
	EndGlobalSection
EndGlobal
